
Microsoft Visual Studio Solution File, Format Version 12.00
# Visual Studio 15
VisualStudioVersion = 15.0.28307.489
MinimumVisualStudioVersion = 10.0.40219.1
Project("{9A19103F-16F7-4668-BE54-9A1E7A4F7556}") = "Cine", "Cine\Cine.csproj", "{4A99FD3E-61FD-4007-9757-7DB6AB9F9EED}"
EndProject
Project("{9A19103F-16F7-4668-BE54-9A1E7A4F7556}") = "TestAdoMySQLCore", "TestAdoMySQLCore\TestAdoMySQLCore.csproj", "{84D7ADC9-FF0C-4318-985D-C9C0C9F06D5D}"
EndProject
Project("{9A19103F-16F7-4668-BE54-9A1E7A4F7556}") = "consolaCajero", "ConsolaCajero\consolaCajero.csproj", "{301E2D2C-71D5-46F1-A205-7F53675B6F2B}"
EndProject
Project("{9A19103F-16F7-4668-BE54-9A1E7A4F7556}") = "ConsolaOperador", "ConsolaOperador\ConsolaOperador.csproj", "{5B6D94C9-6D26-48CA-A4AE-4DF02EE41414}"
EndProject
Global
	GlobalSection(SolutionConfigurationPlatforms) = preSolution
		Debug|Any CPU = Debug|Any CPU
		Release|Any CPU = Release|Any CPU
	EndGlobalSection
	GlobalSection(ProjectConfigurationPlatforms) = postSolution
		{4A99FD3E-61FD-4007-9757-7DB6AB9F9EED}.Debug|Any CPU.ActiveCfg = Debug|Any CPU
		{4A99FD3E-61FD-4007-9757-7DB6AB9F9EED}.Debug|Any CPU.Build.0 = Debug|Any CPU
		{4A99FD3E-61FD-4007-9757-7DB6AB9F9EED}.Release|Any CPU.ActiveCfg = Release|Any CPU
		{4A99FD3E-61FD-4007-9757-7DB6AB9F9EED}.Release|Any CPU.Build.0 = Release|Any CPU
		{84D7ADC9-FF0C-4318-985D-C9C0C9F06D5D}.Debug|Any CPU.ActiveCfg = Debug|Any CPU
		{84D7ADC9-FF0C-4318-985D-C9C0C9F06D5D}.Debug|Any CPU.Build.0 = Debug|Any CPU
		{84D7ADC9-FF0C-4318-985D-C9C0C9F06D5D}.Release|Any CPU.ActiveCfg = Release|Any CPU
		{84D7ADC9-FF0C-4318-985D-C9C0C9F06D5D}.Release|Any CPU.Build.0 = Release|Any CPU
		{301E2D2C-71D5-46F1-A205-7F53675B6F2B}.Debug|Any CPU.ActiveCfg = Debug|Any CPU
		{301E2D2C-71D5-46F1-A205-7F53675B6F2B}.Debug|Any CPU.Build.0 = Debug|Any CPU
		{301E2D2C-71D5-46F1-A205-7F53675B6F2B}.Release|Any CPU.ActiveCfg = Release|Any CPU
		{301E2D2C-71D5-46F1-A205-7F53675B6F2B}.Release|Any CPU.Build.0 = Release|Any CPU
		{5B6D94C9-6D26-48CA-A4AE-4DF02EE41414}.Debug|Any CPU.ActiveCfg = Debug|Any CPU
		{5B6D94C9-6D26-48CA-A4AE-4DF02EE41414}.Debug|Any CPU.Build.0 = Debug|Any CPU
		{5B6D94C9-6D26-48CA-A4AE-4DF02EE41414}.Release|Any CPU.ActiveCfg = Release|Any CPU
		{5B6D94C9-6D26-48CA-A4AE-4DF02EE41414}.Release|Any CPU.Build.0 = Release|Any CPU
	EndGlobalSection
	GlobalSection(SolutionProperties) = preSolution
		HideSolutionNode = FALSE
	EndGlobalSection
	GlobalSection(ExtensibilityGlobals) = postSolution
		SolutionGuid = {BE277DE7-50D0-4461-8688-B3F61629CB47}
	EndGlobalSection
EndGlobal
